
Microsoft Visual Studio Solution File, Format Version 12.00
# Visual Studio Version 17
VisualStudioVersion = 17.0.31903.59
MinimumVisualStudioVersion = 10.0.40219.1
Project("{FAE04EC0-301F-11D3-BF4B-00C04F79EFBC}") = "Calculadora", "Calculadora\Calculadora.csproj", "{71E8CC23-E8F5-48E5-B97F-C60108AFDA02}"
EndProject
Project("{FAE04EC0-301F-11D3-BF4B-00C04F79EFBC}") = "CalculadoraTestes", "CalculadoraTestes\CalculadoraTestes.csproj", "{9787CC6F-3D83-458D-B1AD-A6BC1445AC8F}"
EndProject
Global
	GlobalSection(SolutionConfigurationPlatforms) = preSolution
		Debug|Any CPU = Debug|Any CPU
		Release|Any CPU = Release|Any CPU
	EndGlobalSection
	GlobalSection(SolutionProperties) = preSolution
		HideSolutionNode = FALSE
	EndGlobalSection
	GlobalSection(ProjectConfigurationPlatforms) = postSolution
		{71E8CC23-E8F5-48E5-B97F-C60108AFDA02}.Debug|Any CPU.ActiveCfg = Debug|Any CPU
		{71E8CC23-E8F5-48E5-B97F-C60108AFDA02}.Debug|Any CPU.Build.0 = Debug|Any CPU
		{71E8CC23-E8F5-48E5-B97F-C60108AFDA02}.Release|Any CPU.ActiveCfg = Release|Any CPU
		{71E8CC23-E8F5-48E5-B97F-C60108AFDA02}.Release|Any CPU.Build.0 = Release|Any CPU
		{9787CC6F-3D83-458D-B1AD-A6BC1445AC8F}.Debug|Any CPU.ActiveCfg = Debug|Any CPU
		{9787CC6F-3D83-458D-B1AD-A6BC1445AC8F}.Debug|Any CPU.Build.0 = Debug|Any CPU
		{9787CC6F-3D83-458D-B1AD-A6BC1445AC8F}.Release|Any CPU.ActiveCfg = Release|Any CPU
		{9787CC6F-3D83-458D-B1AD-A6BC1445AC8F}.Release|Any CPU.Build.0 = Release|Any CPU
	EndGlobalSection
EndGlobal
